{
  "version": "5",
  "specifiers": {
    "jsr:@std/assert@*": "1.0.19",
    "jsr:@std/cli@*": "1.0.28",
    "jsr:@std/internal@^1.0.12": "1.0.12"
  },
  "jsr": {
    "@std/assert@1.0.19": {
      "integrity": "eaada96ee120cb980bc47e040f82814d786fe8162ecc53c91d8df60b8755991e",
      "dependencies": [
        "jsr:@std/internal"
      ]
    },
    "@std/cli@1.0.28": {
      "integrity": "74ef9b976db59ca6b23a5283469c9072be6276853807a83ec6c7ce412135c70a",
      "dependencies": [
        "jsr:@std/internal"
      ]
    },
    "@std/internal@1.0.12": {
      "integrity": "972a634fd5bc34b242024402972cd5143eac68d8dffaca5eaa4dba30ce17b027"
    }
  },
  "workspace": {
    "packageJson": {
      "dependencies": [
        "npm:@fontsource-variable/noto-sans-mono@^5.2.10",
        "npm:@preact/preset-vite@^2.9.4",
        "npm:autoprefixer@^10.4.21",
        "npm:lib0@~0.2.117",
        "npm:postcss@^8.5.6",
        "npm:preact@^10.25.4",
        "npm:tailwindcss@^3.4.18",
        "npm:tweetnacl@^1.0.3",
        "npm:typescript@^5.9.3",
        "npm:uqr@~0.1.2",
        "npm:vite-plugin-pwa@~0.17.5",
        "npm:vite@^5.4.21",
        "npm:workbox-precaching@^7.3.0",
        "npm:workbox-routing@^7.3.0",
        "npm:workbox-window@^7.4.0",
        "npm:ws@^8.19.0",
        "npm:y-indexeddb@^9.0.12",
        "npm:y-protocols@^1.0.7",
        "npm:y-websocket@3",
        "npm:yjs@^13.6.29"
      ]
    }
  }
}
